// !$*UTF8*$!
{
	archiveVersion = 1;
	classes = {
	};
	objectVersion = 46;
	objects = {

/* Begin PBXBuildFile section */
		238BD0461A6713FD0055F305 /* main.m in Sources */ = {isa = PBXBuildFile; fileRef = 238BD0451A6713FD0055F305 /* main.m */; };
		238BD0491A6713FD0055F305 /* AppDelegate.m in Sources */ = {isa = PBXBuildFile; fileRef = 238BD0481A6713FD0055F305 /* AppDelegate.m */; };
		238BD04C1A6713FD0055F305 /* ViewController.m in Sources */ = {isa = PBXBuildFile; fileRef = 238BD04B1A6713FD0055F305 /* ViewController.m */; };
		238BD04F1A6713FD0055F305 /* Main.storyboard in Resources */ = {isa = PBXBuildFile; fileRef = 238BD04D1A6713FD0055F305 /* Main.storyboard */; };
		238BD0511A6713FD0055F305 /* Images.xcassets in Resources */ = {isa = PBXBuildFile; fileRef = 238BD0501A6713FD0055F305 /* Images.xcassets */; };
		238BD0541A6713FD0055F305 /* LaunchScreen.xib in Resources */ = {isa = PBXBuildFile; fileRef = 238BD0521A6713FD0055F305 /* LaunchScreen.xib */; };
		238BD0601A6713FD0055F305 /* FarkleTests.m in Sources */ = {isa = PBXBuildFile; fileRef = 238BD05F1A6713FD0055F305 /* FarkleTests.m */; };
/* End PBXBuildFile section */

/* Begin PBXContainerItemProxy section */
		238BD05A1A6713FD0055F305 /* PBXContainerItemProxy */ = {
			isa = PBXContainerItemProxy;
			containerPortal = 238BD0381A6713FD0055F305 /* Project object */;
			proxyType = 1;
			remoteGlobalIDString = 238BD03F1A6713FD0055F305;
			remoteInfo = Farkle;
		};
/* End PBXContainerItemProxy section */

/* Begin PBXFileReference section */
		238BD0401A6713FD0055F305 /* Farkle.app */ = {isa = PBXFileReference; explicitFileType = wrapper.application; includeInIndex = 0; path = Farkle.app; sourceTree = BUILT_PRODUCTS_DIR; };
		238BD0441A6713FD0055F305 /* Info.plist */ = {isa = PBXFileReference; lastKnownFileType = text.plist.xml; path = Info.plist; sourceTree = "<group>"; };
		238BD0451A6713FD0055F305 /* main.m */ = {isa = PBXFileReference; lastKnownFileType = sourcecode.c.objc; path = main.m; sourceTree = "<group>"; };
		238BD0471A6713FD0055F305 /* AppDelegate.h */ = {isa = PBXFileReference; lastKnownFileType = sourcecode.c.h; path = AppDelegate.h; sourceTree = "<group>"; };
		238BD0481A6713FD0055F305 /* AppDelegate.m */ = {isa = PBXFileReference; lastKnownFileType = sourcecode.c.objc; path = AppDelegate.m; sourceTree = "<group>"; };
		238BD04A1A6713FD0055F305 /* ViewController.h */ = {isa = PBXFileReference; lastKnownFileType = sourcecode.c.h; path = ViewController.h; sourceTree = "<group>"; };
		238BD04B1A6713FD0055F305 /* ViewController.m */ = {isa = PBXFileReference; lastKnownFileType = sourcecode.c.objc; path = ViewController.m; sourceTree = "<group>"; };
		238BD04E1A6713FD0055F305 /* Base */ = {isa = PBXFileReference; lastKnownFileType = file.storyboard; name = Base; path = Base.lproj/Main.storyboard; sourceTree = "<group>"; };
		238BD0501A6713FD0055F305 /* Images.xcassets */ = {isa = PBXFileReference; lastKnownFileType = folder.assetcatalog; path = Images.xcassets; sourceTree = "<group>"; };
		238BD0531A6713FD0055F305 /* Base */ = {isa = PBXFileReference; lastKnownFileType = file.xib; name = Base; path = Base.lproj/LaunchScreen.xib; sourceTree = "<group>"; };
		238BD0591A6713FD0055F305 /* FarkleTests.xctest */ = {isa = PBXFileReference; explicitFileType = wrapper.cfbundle; includeInIndex = 0; path = FarkleTests.xctest; sourceTree = BUILT_PRODUCTS_DIR; };
		238BD05E1A6713FD0055F305 /* Info.plist */ = {isa = PBXFileReference; lastKnownFileType = text.plist.xml; path = Info.plist; sourceTree = "<group>"; };
		238BD05F1A6713FD0055F305 /* FarkleTests.m */ = {isa = PBXFileReference; lastKnownFileType = sourcecode.c.objc; path = FarkleTests.m; sourceTree = "<group>"; };
/* End PBXFileReference section */

/* Begin PBXFrameworksBuildPhase section */
		238BD03D1A6713FD0055F305 /* Frameworks */ = {
			isa = PBXFrameworksBuildPhase;
			buildActionMask = 2147483647;
			files = (
			);
			runOnlyForDeploymentPostprocessing = 0;
		};
		238BD0561A6713FD0055F305 /* Frameworks */ = {
			isa = PBXFrameworksBuildPhase;
			buildActionMask = 2147483647;
			files = (
			);
			runOnlyForDeploymentPostprocessing = 0;
		};
/* End PBXFrameworksBuildPhase section */

/* Begin PBXGroup section */
		238BD0371A6713FD0055F305 = {
			isa = PBXGroup;
			children = (
				238BD0421A6713FD0055F305 /* Farkle */,
				238BD05C1A6713FD0055F305 /* FarkleTests */,
				238BD0411A6713FD0055F305 /* Products */,
			);
			sourceTree = "<group>";
		};
		238BD0411A6713FD0055F305 /* Products */ = {
			isa = PBXGroup;
			children = (
				238BD0401A6713FD0055F305 /* Farkle.app */,
				238BD0591A6713FD0055F305 /* FarkleTests.xctest */,
			);
			name = Products;
			sourceTree = "<group>";
		};
		238BD0421A6713FD0055F305 /* Farkle */ = {
			isa = PBXGroup;
			children = (
				238BD0471A6713FD0055F305 /* AppDelegate.h */,
				238BD0481A6713FD0055F305 /* AppDelegate.m */,
				238BD04A1A6713FD0055F305 /* ViewController.h */,
				238BD04B1A6713FD0055F305 /* ViewController.m */,
				238BD04D1A6713FD0055F305 /* Main.storyboard */,
				238BD0501A6713FD0055F305 /* Images.xcassets */,
				238BD0521A6713FD0055F305 /* LaunchScreen.xib */,
				238BD0431A6713FD0055F305 /* Supporting Files */,
			);
			path = Farkle;
			sourceTree = "<group>";
		};
		238BD0431A6713FD0055F305 /* Supporting Files */ = {
			isa = PBXGroup;
			children = (
				238BD0441A6713FD0055F305 /* Info.plist */,
				238BD0451A6713FD0055F305 /* main.m */,
			);
			name = "Supporting Files";
			sourceTree = "<group>";
		};
		238BD05C1A6713FD0055F305 /* FarkleTests */ = {
			isa = PBXGroup;
			children = (
				238BD05F1A6713FD0055F305 /* FarkleTests.m */,
				238BD05D1A6713FD0055F305 /* Supporting Files */,
			);
			path = FarkleTests;
			sourceTree = "<group>";
		};
		238BD05D1A6713FD0055F305 /* Supporting Files */ = {
			isa = PBXGroup;
			children = (
				238BD05E1A6713FD0055F305 /* Info.plist */,
			);
			name = "Supporting Files";
			sourceTree = "<group>";
		};
/* End PBXGroup section */

/* Begin PBXNativeTarget section */
		238BD03F1A6713FD0055F305 /* Farkle */ = {
			isa = PBXNativeTarget;
			buildConfigurationList = 238BD0631A6713FD0055F305 /* Build configuration list for PBXNativeTarget "Farkle" */;
			buildPhases = (
				238BD03C1A6713FD0055F305 /* Sources */,
				238BD03D1A6713FD0055F305 /* Frameworks */,
				238BD03E1A6713FD0055F305 /* Resources */,
			);
			buildRules = (
			);
			dependencies = (
			);
			name = Farkle;
			productName = Farkle;
			productReference = 238BD0401A6713FD0055F305 /* Farkle.app */;
			productType = "com.apple.product-type.application";
		};
		238BD0581A6713FD0055F305 /* FarkleTests */ = {
			isa = PBXNativeTarget;
			buildConfigurationList = 238BD0661A6713FD0055F305 /* Build configuration list for PBXNativeTarget "FarkleTests" */;
			buildPhases = (
				238BD0551A6713FD0055F305 /* Sources */,
				238BD0561A6713FD0055F305 /* Frameworks */,
				238BD0571A6713FD0055F305 /* Resources */,
			);
			buildRules = (
			);
			dependencies = (
				238BD05B1A6713FD0055F305 /* PBXTargetDependency */,
			);
			name = FarkleTests;
			productName = FarkleTests;
			productReference = 238BD0591A6713FD0055F305 /* FarkleTests.xctest */;
			productType = "com.apple.product-type.bundle.unit-test";
		};
/* End PBXNativeTarget section */

/* Begin PBXProject section */
		238BD0381A6713FD0055F305 /* Project object */ = {
			isa = PBXProject;
			attributes = {
				LastUpgradeCheck = 0610;
				ORGANIZATIONNAME = "Gabriel Enterprises";
				TargetAttributes = {
					238BD03F1A6713FD0055F305 = {
						CreatedOnToolsVersion = 6.1.1;
					};
					238BD0581A6713FD0055F305 = {
						CreatedOnToolsVersion = 6.1.1;
						TestTargetID = 238BD03F1A6713FD0055F305;
					};
				};
			};
			buildConfigurationList = 238BD03B1A6713FD0055F305 /* Build configuration list for PBXProject "Farkle" */;
			compatibilityVersion = "Xcode 3.2";
			developmentRegion = English;
			hasScannedForEncodings = 0;
			knownRegions = (
				en,
				Base,
			);
			mainGroup = 238BD0371A6713FD0055F305;
			productRefGroup = 238BD0411A6713FD0055F305 /* Products */;
			projectDirPath = "";
			projectRoot = "";
			targets = (
				238BD03F1A6713FD0055F305 /* Farkle */,
				238BD0581A6713FD0055F305 /* FarkleTests */,
			);
		};
/* End PBXProject section */

/* Begin PBXResourcesBuildPhase section */
		238BD03E1A6713FD0055F305 /* Resources */ = {
			isa = PBXResourcesBuildPhase;
			buildActionMask = 2147483647;
			files = (
				238BD04F1A6713FD0055F305 /* Main.storyboard in Resources */,
				238BD0541A6713FD0055F305 /* LaunchScreen.xib in Resources */,
				238BD0511A6713FD0055F305 /* Images.xcassets in Resources */,
			);
			runOnlyForDeploymentPostprocessing = 0;
		};
		238BD0571A6713FD0055F305 /* Resources */ = {
			isa = PBXResourcesBuildPhase;
			buildActionMask = 2147483647;
			files = (
			);
			runOnlyForDeploymentPostprocessing = 0;
		};
/* End PBXResourcesBuildPhase section */

/* Begin PBXSourcesBuildPhase section */
		238BD03C1A6713FD0055F305 /* Sources */ = {
			isa = PBXSourcesBuildPhase;
			buildActionMask = 2147483647;
			files = (
				238BD04C1A6713FD0055F305 /* ViewController.m in Sources */,
				238BD0491A6713FD0055F305 /* AppDelegate.m in Sources */,
				238BD0461A6713FD0055F305 /* main.m in Sources */,
			);
			runOnlyForDeploymentPostprocessing = 0;
		};
		238BD0551A6713FD0055F305 /* Sources */ = {
			isa = PBXSourcesBuildPhase;
			buildActionMask = 2147483647;
			files = (
				238BD0601A6713FD0055F305 /* FarkleTests.m in Sources */,
			);
			runOnlyForDeploymentPostprocessing = 0;
		};
/* End PBXSourcesBuildPhase section */

/* Begin PBXTargetDependency section */
		238BD05B1A6713FD0055F305 /* PBXTargetDependency */ = {
			isa = PBXTargetDependency;
			target = 238BD03F1A6713FD0055F305 /* Farkle */;
			targetProxy = 238BD05A1A6713FD0055F305 /* PBXContainerItemProxy */;
		};
/* End PBXTargetDependency section */

/* Begin PBXVariantGroup section */
		238BD04D1A6713FD0055F305 /* Main.storyboard */ = {
			isa = PBXVariantGroup;
			children = (
				238BD04E1A6713FD0055F305 /* Base */,
			);
			name = Main.storyboard;
			sourceTree = "<group>";
		};
		238BD0521A6713FD0055F305 /* LaunchScreen.xib */ = {
			isa = PBXVariantGroup;
			children = (
				238BD0531A6713FD0055F305 /* Base */,
			);
			name = LaunchScreen.xib;
			sourceTree = "<group>";
		};
/* End PBXVariantGroup section */

/* Begin XCBuildConfiguration section */
		238BD0611A6713FD0055F305 /* Debug */ = {
			isa = XCBuildConfiguration;
			buildSettings = {
				ALWAYS_SEARCH_USER_PATHS = NO;
				CLANG_CXX_LANGUAGE_STANDARD = "gnu++0x";
				CLANG_CXX_LIBRARY = "libc++";
				CLANG_ENABLE_MODULES = YES;
				CLANG_ENABLE_OBJC_ARC = YES;
				CLANG_WARN_BOOL_CONVERSION = YES;
				CLANG_WARN_CONSTANT_CONVERSION = YES;
				CLANG_WARN_DIRECT_OBJC_ISA_USAGE = YES_ERROR;
				CLANG_WARN_EMPTY_BODY = YES;
				CLANG_WARN_ENUM_CONVERSION = YES;
				CLANG_WARN_INT_CONVERSION = YES;
				CLANG_WARN_OBJC_ROOT_CLASS = YES_ERROR;
				CLANG_WARN_UNREACHABLE_CODE = YES;
				CLANG_WARN__DUPLICATE_METHOD_MATCH = YES;
				"CODE_SIGN_IDENTITY[sdk=iphoneos*]" = "iPhone Developer";
				COPY_PHASE_STRIP = NO;
				ENABLE_STRICT_OBJC_MSGSEND = YES;
				GCC_C_LANGUAGE_STANDARD = gnu99;
				GCC_DYNAMIC_NO_PIC = NO;
				GCC_OPTIMIZATION_LEVEL = 0;
				GCC_PREPROCESSOR_DEFINITIONS = (
					"DEBUG=1",
					"$(inherited)",
				);
				GCC_SYMBOLS_PRIVATE_EXTERN = NO;
				GCC_WARN_64_TO_32_BIT_CONVERSION = YES;
				GCC_WARN_ABOUT_RETURN_TYPE = YES_ERROR;
				GCC_WARN_UNDECLARED_SELECTOR = YES;
				GCC_WARN_UNINITIALIZED_AUTOS = YES_AGGRESSIVE;
				GCC_WARN_UNUSED_FUNCTION = YES;
				GCC_WARN_UNUSED_VARIABLE = YES;
				IPHONEOS_DEPLOYMENT_TARGET = 8.1;
				MTL_ENABLE_DEBUG_INFO = YES;
				ONLY_ACTIVE_ARCH = YES;
				SDKROOT = iphoneos;
			};
			name = Debug;
		};
		238BD0621A6713FD0055F305 /* Release */ = {
			isa = XCBuildConfiguration;
			buildSettings = {
				ALWAYS_SEARCH_USER_PATHS = NO;
				CLANG_CXX_LANGUAGE_STANDARD = "gnu++0x";
				CLANG_CXX_LIBRARY = "libc++";
				CLANG_ENABLE_MODULES = YES;
				CLANG_ENABLE_OBJC_ARC = YES;
				CLANG_WARN_BOOL_CONVERSION = YES;
				CLANG_WARN_CONSTANT_CONVERSION = YES;
				CLANG_WARN_DIRECT_OBJC_ISA_USAGE = YES_ERROR;
				CLANG_WARN_EMPTY_BODY = YES;
				CLANG_WARN_ENUM_CONVERSION = YES;
				CLANG_WARN_INT_CONVERSION = YES;
				CLANG_WARN_OBJC_ROOT_CLASS = YES_ERROR;
				CLANG_WARN_UNREACHABLE_CODE = YES;
				CLANG_WARN__DUPLICATE_METHOD_MATCH = YES;
				"CODE_SIGN_IDENTITY[sdk=iphoneos*]" = "iPhone Developer";
				COPY_PHASE_STRIP = YES;
				ENABLE_NS_ASSERTIONS = NO;
				ENABLE_STRICT_OBJC_MSGSEND = YES;
				GCC_C_LANGUAGE_STANDARD = gnu99;
				GCC_WARN_64_TO_32_BIT_CONVERSION = YES;
				GCC_WARN_ABOUT_RETURN_TYPE = YES_ERROR;
				GCC_WARN_UNDECLARED_SELECTOR = YES;
				GCC_WARN_UNINITIALIZED_AUTOS = YES_AGGRESSIVE;
				GCC_WARN_UNUSED_FUNCTION = YES;
				GCC_WARN_UNUSED_VARIABLE = YES;
				IPHONEOS_DEPLOYMENT_TARGET = 8.1;
				MTL_ENABLE_DEBUG_INFO = NO;
				SDKROOT = iphoneos;
				VALIDATE_PRODUCT = YES;
			};
			name = Release;
		};
		238BD0641A6713FD0055F305 /* Debug */ = {
			isa = XCBuildConfiguration;
			buildSettings = {
				ASSETCATALOG_COMPILER_APPICON_NAME = AppIcon;
				INFOPLIST_FILE = Farkle/Info.plist;
				LD_RUNPATH_SEARCH_PATHS = "$(inherited) @executable_path/Frameworks";
				PRODUCT_NAME = "$(TARGET_NAME)";
			};
			name = Debug;
		};
		238BD0651A6713FD0055F305 /* Release */ = {
			isa = XCBuildConfiguration;
			buildSettings = {
				ASSETCATALOG_COMPILER_APPICON_NAME = AppIcon;
				INFOPLIST_FILE = Farkle/Info.plist;
				LD_RUNPATH_SEARCH_PATHS = "$(inherited) @executable_path/Frameworks";
				PRODUCT_NAME = "$(TARGET_NAME)";
			};
			name = Release;
		};
		238BD0671A6713FD0055F305 /* Debug */ = {
			isa = XCBuildConfiguration;
			buildSettings = {
				BUNDLE_LOADER = "$(TEST_HOST)";
				FRAMEWORK_SEARCH_PATHS = (
					"$(SDKROOT)/Developer/Library/Frameworks",
					"$(inherited)",
				);
				GCC_PREPROCESSOR_DEFINITIONS = (
					"DEBUG=1",
					"$(inherited)",
				);
				INFOPLIST_FILE = FarkleTests/Info.plist;
				LD_RUNPATH_SEARCH_PATHS = "$(inherited) @executable_path/Frameworks @loader_path/Frameworks";
				PRODUCT_NAME = "$(TARGET_NAME)";
				TEST_HOST = "$(BUILT_PRODUCTS_DIR)/Farkle.app/Farkle";
			};
			name = Debug;
		};
		238BD0681A6713FD0055F305 /* Release */ = {
			isa = XCBuildConfiguration;
			buildSettings = {
				BUNDLE_LOADER = "$(TEST_HOST)";
				FRAMEWORK_SEARCH_PATHS = (
					"$(SDKROOT)/Developer/Library/Frameworks",
					"$(inherited)",
				);
				INFOPLIST_FILE = FarkleTests/Info.plist;
				LD_RUNPATH_SEARCH_PATHS = "$(inherited) @executable_path/Frameworks @loader_path/Frameworks";
				PRODUCT_NAME = "$(TARGET_NAME)";
				TEST_HOST = "$(BUILT_PRODUCTS_DIR)/Farkle.app/Farkle";
			};
			name = Release;
		};
/* End XCBuildConfiguration section */

/* Begin XCConfigurationList section */
		238BD03B1A6713FD0055F305 /* Build configuration list for PBXProject "Farkle" */ = {
			isa = XCConfigurationList;
			buildConfigurations = (
				238BD0611A6713FD0055F305 /* Debug */,
				238BD0621A6713FD0055F305 /* Release */,
			);
			defaultConfigurationIsVisible = 0;
			defaultConfigurationName = Release;
		};
		238BD0631A6713FD0055F305 /* Build configuration list for PBXNativeTarget "Farkle" */ = {
			isa = XCConfigurationList;
			buildConfigurations = (
				238BD0641A6713FD0055F305 /* Debug */,
				238BD0651A6713FD0055F305 /* Release */,
			);
			defaultConfigurationIsVisible = 0;
		};
		238BD0661A6713FD0055F305 /* Build configuration list for PBXNativeTarget "FarkleTests" */ = {
			isa = XCConfigurationList;
			buildConfigurations = (
				238BD0671A6713FD0055F305 /* Debug */,
				238BD0681A6713FD0055F305 /* Release */,
			);
			defaultConfigurationIsVisible = 0;
		};
/* End XCConfigurationList section */
	};
	rootObject = 238BD0381A6713FD0055F305 /* Project object */;
}
